
Microsoft Visual Studio Solution File, Format Version 12.00
Project("{FAE04EC0-301F-11D3-BF4B-00C04F79EFBC}") = "MäkihypynTyylipisteet", "MäkihypynTyylipisteet.csproj", "{9C01157E-DE89-49D1-885F-14A283291DED}"
EndProject
Global
	GlobalSection(SolutionConfigurationPlatforms) = preSolution
		Debug|Any CPU = Debug|Any CPU
		Release|Any CPU = Release|Any CPU
	EndGlobalSection
	GlobalSection(ProjectConfigurationPlatforms) = postSolution
		{9C01157E-DE89-49D1-885F-14A283291DED}.Debug|Any CPU.ActiveCfg = Debug|Any CPU
		{9C01157E-DE89-49D1-885F-14A283291DED}.Debug|Any CPU.Build.0 = Debug|Any CPU
		{9C01157E-DE89-49D1-885F-14A283291DED}.Release|Any CPU.ActiveCfg = Release|Any CPU
		{9C01157E-DE89-49D1-885F-14A283291DED}.Release|Any CPU.Build.0 = Release|Any CPU
	EndGlobalSection
EndGlobal
